{
  "name": "openhub",
  "version": "1.0.0",
  "lockfileVersion": 1,
  "requires": true,
  "dependencies": {
    "highlight.js": {
      "version": "9.16.1",
      "resolved": "https://registry.npm.taobao.org/highlight.js/download/highlight.js-9.16.1.tgz",
      "integrity": "sha1-gn9Jypbq4AbYoqDV46zVYEHCb8U="
    },
    "marked": {
      "version": "0.7.0",
      "resolved": "https://registry.npm.taobao.org/marked/download/marked-0.7.0.tgz?cache=0&sync_timestamp=1562386991938&other_urls=https%3A%2F%2Fregistry.npm.taobao.org%2Fmarked%2Fdownload%2Fmarked-0.7.0.tgz",
      "integrity": "sha1-tkIB8FHScbHtwQoE0a6bdLuOXA4="
    }
  }
}
